# This file is automatically @generated by Cargo.
# It is not intended for manual editing.
version = 3

[[package]]
name = "owo-colors"
version = "2.1.0"
source = "registry+https://github.com/rust-lang/crates.io-index"
checksum = "3a61765925aec40abdb23812a3a1a01fafc6ffb9da22768b2ce665a9e84e527c"

[[package]]
name = "sudoku"
version = "0.1.0"
dependencies = [
 "owo-colors",
]
